// !$*UTF8*$!
{
	archiveVersion = 1;
	classes = {
	};
	objectVersion = 48;
	objects = {

/* Begin PBXBuildFile section */
		9842B355BEAF9731696FA27C /* Pods_SocialPodDemo.framework in Frameworks */ = {isa = PBXBuildFile; fileRef = 119933D20A0B50DD1545CE9E /* Pods_SocialPodDemo.framework */; };
		DB0EF0B71FAB39A8000494B7 /* AppDelegate.swift in Sources */ = {isa = PBXBuildFile; fileRef = DB0EF0B61FAB39A8000494B7 /* AppDelegate.swift */; };
		DB0EF0B91FAB39A8000494B7 /* ViewController.swift in Sources */ = {isa = PBXBuildFile; fileRef = DB0EF0B81FAB39A8000494B7 /* ViewController.swift */; };
		DB0EF0BC1FAB39A8000494B7 /* Main.storyboard in Resources */ = {isa = PBXBuildFile; fileRef = DB0EF0BA1FAB39A8000494B7 /* Main.storyboard */; };
		DB0EF0BE1FAB39A8000494B7 /* Assets.xcassets in Resources */ = {isa = PBXBuildFile; fileRef = DB0EF0BD1FAB39A8000494B7 /* Assets.xcassets */; };
		DB0EF0C11FAB39A8000494B7 /* LaunchScreen.storyboard in Resources */ = {isa = PBXBuildFile; fileRef = DB0EF0BF1FAB39A8000494B7 /* LaunchScreen.storyboard */; };
		DB0EF0C91FAB3E3A000494B7 /* FBHelper.swift in Sources */ = {isa = PBXBuildFile; fileRef = DB0EF0C81FAB3E3A000494B7 /* FBHelper.swift */; };
/* End PBXBuildFile section */

/* Begin PBXFileReference section */
		119933D20A0B50DD1545CE9E /* Pods_SocialPodDemo.framework */ = {isa = PBXFileReference; explicitFileType = wrapper.framework; includeInIndex = 0; path = Pods_SocialPodDemo.framework; sourceTree = BUILT_PRODUCTS_DIR; };
		A8881033AD7821DF2F430832 /* Pods-SocialPodDemo.debug.xcconfig */ = {isa = PBXFileReference; includeInIndex = 1; lastKnownFileType = text.xcconfig; name = "Pods-SocialPodDemo.debug.xcconfig"; path = "Pods/Target Support Files/Pods-SocialPodDemo/Pods-SocialPodDemo.debug.xcconfig"; sourceTree = "<group>"; };
		DB0EF0B31FAB39A8000494B7 /* SocialPodDemo.app */ = {isa = PBXFileReference; explicitFileType = wrapper.application; includeInIndex = 0; path = SocialPodDemo.app; sourceTree = BUILT_PRODUCTS_DIR; };
		DB0EF0B61FAB39A8000494B7 /* AppDelegate.swift */ = {isa = PBXFileReference; lastKnownFileType = sourcecode.swift; path = AppDelegate.swift; sourceTree = "<group>"; };
		DB0EF0B81FAB39A8000494B7 /* ViewController.swift */ = {isa = PBXFileReference; lastKnownFileType = sourcecode.swift; path = ViewController.swift; sourceTree = "<group>"; };
		DB0EF0BB1FAB39A8000494B7 /* Base */ = {isa = PBXFileReference; lastKnownFileType = file.storyboard; name = Base; path = Base.lproj/Main.storyboard; sourceTree = "<group>"; };
		DB0EF0BD1FAB39A8000494B7 /* Assets.xcassets */ = {isa = PBXFileReference; lastKnownFileType = folder.assetcatalog; path = Assets.xcassets; sourceTree = "<group>"; };
		DB0EF0C01FAB39A8000494B7 /* Base */ = {isa = PBXFileReference; lastKnownFileType = file.storyboard; name = Base; path = Base.lproj/LaunchScreen.storyboard; sourceTree = "<group>"; };
		DB0EF0C21FAB39A8000494B7 /* Info.plist */ = {isa = PBXFileReference; lastKnownFileType = text.plist.xml; path = Info.plist; sourceTree = "<group>"; };
		DB0EF0C81FAB3E3A000494B7 /* FBHelper.swift */ = {isa = PBXFileReference; fileEncoding = 4; lastKnownFileType = sourcecode.swift; path = FBHelper.swift; sourceTree = "<group>"; };
		F6FE75460573F20B31C0CC33 /* Pods-SocialPodDemo.release.xcconfig */ = {isa = PBXFileReference; includeInIndex = 1; lastKnownFileType = text.xcconfig; name = "Pods-SocialPodDemo.release.xcconfig"; path = "Pods/Target Support Files/Pods-SocialPodDemo/Pods-SocialPodDemo.release.xcconfig"; sourceTree = "<group>"; };
/* End PBXFileReference section */

/* Begin PBXFrameworksBuildPhase section */
		DB0EF0B01FAB39A8000494B7 /* Frameworks */ = {
			isa = PBXFrameworksBuildPhase;
			buildActionMask = 2147483647;
			files = (
				9842B355BEAF9731696FA27C /* Pods_SocialPodDemo.framework in Frameworks */,
			);
			runOnlyForDeploymentPostprocessing = 0;
		};
/* End PBXFrameworksBuildPhase section */

/* Begin PBXGroup section */
		661988751C4874321C77A77C /* Frameworks */ = {
			isa = PBXGroup;
			children = (
				119933D20A0B50DD1545CE9E /* Pods_SocialPodDemo.framework */,
			);
			name = Frameworks;
			sourceTree = "<group>";
		};
		672F1F4B09EB9213313114A9 /* Pods */ = {
			isa = PBXGroup;
			children = (
				A8881033AD7821DF2F430832 /* Pods-SocialPodDemo.debug.xcconfig */,
				F6FE75460573F20B31C0CC33 /* Pods-SocialPodDemo.release.xcconfig */,
			);
			name = Pods;
			sourceTree = "<group>";
		};
		DB0EF0AA1FAB39A8000494B7 = {
			isa = PBXGroup;
			children = (
				DB0EF0B51FAB39A8000494B7 /* SocialPodDemo */,
				DB0EF0B41FAB39A8000494B7 /* Products */,
				672F1F4B09EB9213313114A9 /* Pods */,
				661988751C4874321C77A77C /* Frameworks */,
			);
			sourceTree = "<group>";
		};
		DB0EF0B41FAB39A8000494B7 /* Products */ = {
			isa = PBXGroup;
			children = (
				DB0EF0B31FAB39A8000494B7 /* SocialPodDemo.app */,
			);
			name = Products;
			sourceTree = "<group>";
		};
		DB0EF0B51FAB39A8000494B7 /* SocialPodDemo */ = {
			isa = PBXGroup;
			children = (
				DB0EF0C81FAB3E3A000494B7 /* FBHelper.swift */,
				DB0EF0B61FAB39A8000494B7 /* AppDelegate.swift */,
				DB0EF0B81FAB39A8000494B7 /* ViewController.swift */,
				DB0EF0BA1FAB39A8000494B7 /* Main.storyboard */,
				DB0EF0BD1FAB39A8000494B7 /* Assets.xcassets */,
				DB0EF0BF1FAB39A8000494B7 /* LaunchScreen.storyboard */,
				DB0EF0C21FAB39A8000494B7 /* Info.plist */,
			);
			path = SocialPodDemo;
			sourceTree = "<group>";
		};
/* End PBXGroup section */

/* Begin PBXNativeTarget section */
		DB0EF0B21FAB39A8000494B7 /* SocialPodDemo */ = {
			isa = PBXNativeTarget;
			buildConfigurationList = DB0EF0C51FAB39A8000494B7 /* Build configuration list for PBXNativeTarget "SocialPodDemo" */;
			buildPhases = (
				08BF8EB85EF374C9C5E84944 /* [CP] Check Pods Manifest.lock */,
				DB0EF0AF1FAB39A8000494B7 /* Sources */,
				DB0EF0B01FAB39A8000494B7 /* Frameworks */,
				DB0EF0B11FAB39A8000494B7 /* Resources */,
				0DCC12A28AD03F3181D70C71 /* [CP] Embed Pods Frameworks */,
				75E4778A2EADF6AFB0EC2F2E /* [CP] Copy Pods Resources */,
			);
			buildRules = (
			);
			dependencies = (
			);
			name = SocialPodDemo;
			productName = SocialPodDemo;
			productReference = DB0EF0B31FAB39A8000494B7 /* SocialPodDemo.app */;
			productType = "com.apple.product-type.application";
		};
/* End PBXNativeTarget section */

/* Begin PBXProject section */
		DB0EF0AB1FAB39A8000494B7 /* Project object */ = {
			isa = PBXProject;
			attributes = {
				LastSwiftUpdateCheck = 0910;
				LastUpgradeCheck = 0910;
				ORGANIZATIONNAME = app;
				TargetAttributes = {
					DB0EF0B21FAB39A8000494B7 = {
						CreatedOnToolsVersion = 9.1;
						ProvisioningStyle = Automatic;
					};
				};
			};
			buildConfigurationList = DB0EF0AE1FAB39A8000494B7 /* Build configuration list for PBXProject "SocialPodDemo" */;
			compatibilityVersion = "Xcode 8.0";
			developmentRegion = en;
			hasScannedForEncodings = 0;
			knownRegions = (
				en,
				Base,
			);
			mainGroup = DB0EF0AA1FAB39A8000494B7;
			productRefGroup = DB0EF0B41FAB39A8000494B7 /* Products */;
			projectDirPath = "";
			projectRoot = "";
			targets = (
				DB0EF0B21FAB39A8000494B7 /* SocialPodDemo */,
			);
		};
/* End PBXProject section */

/* Begin PBXResourcesBuildPhase section */
		DB0EF0B11FAB39A8000494B7 /* Resources */ = {
			isa = PBXResourcesBuildPhase;
			buildActionMask = 2147483647;
			files = (
				DB0EF0C11FAB39A8000494B7 /* LaunchScreen.storyboard in Resources */,
				DB0EF0BE1FAB39A8000494B7 /* Assets.xcassets in Resources */,
				DB0EF0BC1FAB39A8000494B7 /* Main.storyboard in Resources */,
			);
			runOnlyForDeploymentPostprocessing = 0;
		};
/* End PBXResourcesBuildPhase section */

/* Begin PBXShellScriptBuildPhase section */
		08BF8EB85EF374C9C5E84944 /* [CP] Check Pods Manifest.lock */ = {
			isa = PBXShellScriptBuildPhase;
			buildActionMask = 2147483647;
			files = (
			);
			inputPaths = (
				"${PODS_PODFILE_DIR_PATH}/Podfile.lock",
				"${PODS_ROOT}/Manifest.lock",
			);
			name = "[CP] Check Pods Manifest.lock";
			outputPaths = (
				"$(DERIVED_FILE_DIR)/Pods-SocialPodDemo-checkManifestLockResult.txt",
			);
			runOnlyForDeploymentPostprocessing = 0;
			shellPath = /bin/sh;
			shellScript = "diff \"${PODS_PODFILE_DIR_PATH}/Podfile.lock\" \"${PODS_ROOT}/Manifest.lock\" > /dev/null\nif [ $? != 0 ] ; then\n    # print error to STDERR\n    echo \"error: The sandbox is not in sync with the Podfile.lock. Run 'pod install' or update your CocoaPods installation.\" >&2\n    exit 1\nfi\n# This output is used by Xcode 'outputs' to avoid re-running this script phase.\necho \"SUCCESS\" > \"${SCRIPT_OUTPUT_FILE_0}\"\n";
			showEnvVarsInLog = 0;
		};
		0DCC12A28AD03F3181D70C71 /* [CP] Embed Pods Frameworks */ = {
			isa = PBXShellScriptBuildPhase;
			buildActionMask = 2147483647;
			files = (
			);
			inputPaths = (
				"${SRCROOT}/Pods/Target Support Files/Pods-SocialPodDemo/Pods-SocialPodDemo-frameworks.sh",
				"${BUILT_PRODUCTS_DIR}/Bolts/Bolts.framework",
				"${BUILT_PRODUCTS_DIR}/FBSDKCoreKit/FBSDKCoreKit.framework",
				"${BUILT_PRODUCTS_DIR}/FBSDKLoginKit/FBSDKLoginKit.framework",
				"${BUILT_PRODUCTS_DIR}/FBSDKShareKit/FBSDKShareKit.framework",
				"${BUILT_PRODUCTS_DIR}/FacebookCore/FacebookCore.framework",
				"${BUILT_PRODUCTS_DIR}/FacebookLogin/FacebookLogin.framework",
				"${BUILT_PRODUCTS_DIR}/FacebookShare/FacebookShare.framework",
			);
			name = "[CP] Embed Pods Frameworks";
			outputPaths = (
				"${TARGET_BUILD_DIR}/${FRAMEWORKS_FOLDER_PATH}/Bolts.framework",
				"${TARGET_BUILD_DIR}/${FRAMEWORKS_FOLDER_PATH}/FBSDKCoreKit.framework",
				"${TARGET_BUILD_DIR}/${FRAMEWORKS_FOLDER_PATH}/FBSDKLoginKit.framework",
				"${TARGET_BUILD_DIR}/${FRAMEWORKS_FOLDER_PATH}/FBSDKShareKit.framework",
				"${TARGET_BUILD_DIR}/${FRAMEWORKS_FOLDER_PATH}/FacebookCore.framework",
				"${TARGET_BUILD_DIR}/${FRAMEWORKS_FOLDER_PATH}/FacebookLogin.framework",
				"${TARGET_BUILD_DIR}/${FRAMEWORKS_FOLDER_PATH}/FacebookShare.framework",
			);
			runOnlyForDeploymentPostprocessing = 0;
			shellPath = /bin/sh;
			shellScript = "\"${SRCROOT}/Pods/Target Support Files/Pods-SocialPodDemo/Pods-SocialPodDemo-frameworks.sh\"\n";
			showEnvVarsInLog = 0;
		};
		75E4778A2EADF6AFB0EC2F2E /* [CP] Copy Pods Resources */ = {
			isa = PBXShellScriptBuildPhase;
			buildActionMask = 2147483647;
			files = (
			);
			inputPaths = (
			);
			name = "[CP] Copy Pods Resources";
			outputPaths = (
			);
			runOnlyForDeploymentPostprocessing = 0;
			shellPath = /bin/sh;
			shellScript = "\"${SRCROOT}/Pods/Target Support Files/Pods-SocialPodDemo/Pods-SocialPodDemo-resources.sh\"\n";
			showEnvVarsInLog = 0;
		};
/* End PBXShellScriptBuildPhase section */

/* Begin PBXSourcesBuildPhase section */
		DB0EF0AF1FAB39A8000494B7 /* Sources */ = {
			isa = PBXSourcesBuildPhase;
			buildActionMask = 2147483647;
			files = (
				DB0EF0C91FAB3E3A000494B7 /* FBHelper.swift in Sources */,
				DB0EF0B91FAB39A8000494B7 /* ViewController.swift in Sources */,
				DB0EF0B71FAB39A8000494B7 /* AppDelegate.swift in Sources */,
			);
			runOnlyForDeploymentPostprocessing = 0;
		};
/* End PBXSourcesBuildPhase section */

/* Begin PBXVariantGroup section */
		DB0EF0BA1FAB39A8000494B7 /* Main.storyboard */ = {
			isa = PBXVariantGroup;
			children = (
				DB0EF0BB1FAB39A8000494B7 /* Base */,
			);
			name = Main.storyboard;
			sourceTree = "<group>";
		};
		DB0EF0BF1FAB39A8000494B7 /* LaunchScreen.storyboard */ = {
			isa = PBXVariantGroup;
			children = (
				DB0EF0C01FAB39A8000494B7 /* Base */,
			);
			name = LaunchScreen.storyboard;
			sourceTree = "<group>";
		};
/* End PBXVariantGroup section */

/* Begin XCBuildConfiguration section */
		DB0EF0C31FAB39A8000494B7 /* Debug */ = {
			isa = XCBuildConfiguration;
			buildSettings = {
				ALWAYS_SEARCH_USER_PATHS = NO;
				CLANG_ANALYZER_NONNULL = YES;
				CLANG_ANALYZER_NUMBER_OBJECT_CONVERSION = YES_AGGRESSIVE;
				CLANG_CXX_LANGUAGE_STANDARD = "gnu++14";
				CLANG_CXX_LIBRARY = "libc++";
				CLANG_ENABLE_MODULES = YES;
				CLANG_ENABLE_OBJC_ARC = YES;
				CLANG_WARN_BLOCK_CAPTURE_AUTORELEASING = YES;
				CLANG_WARN_BOOL_CONVERSION = YES;
				CLANG_WARN_COMMA = YES;
				CLANG_WARN_CONSTANT_CONVERSION = YES;
				CLANG_WARN_DIRECT_OBJC_ISA_USAGE = YES_ERROR;
				CLANG_WARN_DOCUMENTATION_COMMENTS = YES;
				CLANG_WARN_EMPTY_BODY = YES;
				CLANG_WARN_ENUM_CONVERSION = YES;
				CLANG_WARN_INFINITE_RECURSION = YES;
				CLANG_WARN_INT_CONVERSION = YES;
				CLANG_WARN_NON_LITERAL_NULL_CONVERSION = YES;
				CLANG_WARN_OBJC_LITERAL_CONVERSION = YES;
				CLANG_WARN_OBJC_ROOT_CLASS = YES_ERROR;
				CLANG_WARN_RANGE_LOOP_ANALYSIS = YES;
				CLANG_WARN_STRICT_PROTOTYPES = YES;
				CLANG_WARN_SUSPICIOUS_MOVE = YES;
				CLANG_WARN_UNGUARDED_AVAILABILITY = YES_AGGRESSIVE;
				CLANG_WARN_UNREACHABLE_CODE = YES;
				CLANG_WARN__DUPLICATE_METHOD_MATCH = YES;
				CODE_SIGN_IDENTITY = "iPhone Developer";
				COPY_PHASE_STRIP = NO;
				DEBUG_INFORMATION_FORMAT = dwarf;
				ENABLE_STRICT_OBJC_MSGSEND = YES;
				ENABLE_TESTABILITY = YES;
				GCC_C_LANGUAGE_STANDARD = gnu11;
				GCC_DYNAMIC_NO_PIC = NO;
				GCC_NO_COMMON_BLOCKS = YES;
				GCC_OPTIMIZATION_LEVEL = 0;
				GCC_PREPROCESSOR_DEFINITIONS = (
					"DEBUG=1",
					"$(inherited)",
				);
				GCC_WARN_64_TO_32_BIT_CONVERSION = YES;
				GCC_WARN_ABOUT_RETURN_TYPE = YES_ERROR;
				GCC_WARN_UNDECLARED_SELECTOR = YES;
				GCC_WARN_UNINITIALIZED_AUTOS = YES_AGGRESSIVE;
				GCC_WARN_UNUSED_FUNCTION = YES;
				GCC_WARN_UNUSED_VARIABLE = YES;
				IPHONEOS_DEPLOYMENT_TARGET = 8.0;
				MTL_ENABLE_DEBUG_INFO = YES;
				ONLY_ACTIVE_ARCH = YES;
				SDKROOT = iphoneos;
				SWIFT_ACTIVE_COMPILATION_CONDITIONS = DEBUG;
				SWIFT_OPTIMIZATION_LEVEL = "-Onone";
			};
			name = Debug;
		};
		DB0EF0C41FAB39A8000494B7 /* Release */ = {
			isa = XCBuildConfiguration;
			buildSettings = {
				ALWAYS_SEARCH_USER_PATHS = NO;
				CLANG_ANALYZER_NONNULL = YES;
				CLANG_ANALYZER_NUMBER_OBJECT_CONVERSION = YES_AGGRESSIVE;
				CLANG_CXX_LANGUAGE_STANDARD = "gnu++14";
				CLANG_CXX_LIBRARY = "libc++";
				CLANG_ENABLE_MODULES = YES;
				CLANG_ENABLE_OBJC_ARC = YES;
				CLANG_WARN_BLOCK_CAPTURE_AUTORELEASING = YES;
				CLANG_WARN_BOOL_CONVERSION = YES;
				CLANG_WARN_COMMA = YES;
				CLANG_WARN_CONSTANT_CONVERSION = YES;
				CLANG_WARN_DIRECT_OBJC_ISA_USAGE = YES_ERROR;
				CLANG_WARN_DOCUMENTATION_COMMENTS = YES;
				CLANG_WARN_EMPTY_BODY = YES;
				CLANG_WARN_ENUM_CONVERSION = YES;
				CLANG_WARN_INFINITE_RECURSION = YES;
				CLANG_WARN_INT_CONVERSION = YES;
				CLANG_WARN_NON_LITERAL_NULL_CONVERSION = YES;
				CLANG_WARN_OBJC_LITERAL_CONVERSION = YES;
				CLANG_WARN_OBJC_ROOT_CLASS = YES_ERROR;
				CLANG_WARN_RANGE_LOOP_ANALYSIS = YES;
				CLANG_WARN_STRICT_PROTOTYPES = YES;
				CLANG_WARN_SUSPICIOUS_MOVE = YES;
				CLANG_WARN_UNGUARDED_AVAILABILITY = YES_AGGRESSIVE;
				CLANG_WARN_UNREACHABLE_CODE = YES;
				CLANG_WARN__DUPLICATE_METHOD_MATCH = YES;
				CODE_SIGN_IDENTITY = "iPhone Developer";
				COPY_PHASE_STRIP = NO;
				DEBUG_INFORMATION_FORMAT = "dwarf-with-dsym";
				ENABLE_NS_ASSERTIONS = NO;
				ENABLE_STRICT_OBJC_MSGSEND = YES;
				GCC_C_LANGUAGE_STANDARD = gnu11;
				GCC_NO_COMMON_BLOCKS = YES;
				GCC_WARN_64_TO_32_BIT_CONVERSION = YES;
				GCC_WARN_ABOUT_RETURN_TYPE = YES_ERROR;
				GCC_WARN_UNDECLARED_SELECTOR = YES;
				GCC_WARN_UNINITIALIZED_AUTOS = YES_AGGRESSIVE;
				GCC_WARN_UNUSED_FUNCTION = YES;
				GCC_WARN_UNUSED_VARIABLE = YES;
				IPHONEOS_DEPLOYMENT_TARGET = 8.0;
				MTL_ENABLE_DEBUG_INFO = NO;
				SDKROOT = iphoneos;
				SWIFT_OPTIMIZATION_LEVEL = "-Owholemodule";
				VALIDATE_PRODUCT = YES;
			};
			name = Release;
		};
		DB0EF0C61FAB39A8000494B7 /* Debug */ = {
			isa = XCBuildConfiguration;
			baseConfigurationReference = A8881033AD7821DF2F430832 /* Pods-SocialPodDemo.debug.xcconfig */;
			buildSettings = {
				ASSETCATALOG_COMPILER_APPICON_NAME = AppIcon;
				CODE_SIGN_STYLE = Automatic;
				INFOPLIST_FILE = SocialPodDemo/Info.plist;
				IPHONEOS_DEPLOYMENT_TARGET = 8.0;
				LD_RUNPATH_SEARCH_PATHS = "$(inherited) @executable_path/Frameworks";
				PRODUCT_BUNDLE_IDENTIFIER = com.App.SocialPodDemo;
				PRODUCT_NAME = "$(TARGET_NAME)";
				SWIFT_VERSION = 4.0;
				TARGETED_DEVICE_FAMILY = "1,2";
			};
			name = Debug;
		};
		DB0EF0C71FAB39A8000494B7 /* Release */ = {
			isa = XCBuildConfiguration;
			baseConfigurationReference = F6FE75460573F20B31C0CC33 /* Pods-SocialPodDemo.release.xcconfig */;
			buildSettings = {
				ASSETCATALOG_COMPILER_APPICON_NAME = AppIcon;
				CODE_SIGN_STYLE = Automatic;
				INFOPLIST_FILE = SocialPodDemo/Info.plist;
				IPHONEOS_DEPLOYMENT_TARGET = 8.0;
				LD_RUNPATH_SEARCH_PATHS = "$(inherited) @executable_path/Frameworks";
				PRODUCT_BUNDLE_IDENTIFIER = com.App.SocialPodDemo;
				PRODUCT_NAME = "$(TARGET_NAME)";
				SWIFT_VERSION = 4.0;
				TARGETED_DEVICE_FAMILY = "1,2";
			};
			name = Release;
		};
/* End XCBuildConfiguration section */

/* Begin XCConfigurationList section */
		DB0EF0AE1FAB39A8000494B7 /* Build configuration list for PBXProject "SocialPodDemo" */ = {
			isa = XCConfigurationList;
			buildConfigurations = (
				DB0EF0C31FAB39A8000494B7 /* Debug */,
				DB0EF0C41FAB39A8000494B7 /* Release */,
			);
			defaultConfigurationIsVisible = 0;
			defaultConfigurationName = Release;
		};
		DB0EF0C51FAB39A8000494B7 /* Build configuration list for PBXNativeTarget "SocialPodDemo" */ = {
			isa = XCConfigurationList;
			buildConfigurations = (
				DB0EF0C61FAB39A8000494B7 /* Debug */,
				DB0EF0C71FAB39A8000494B7 /* Release */,
			);
			defaultConfigurationIsVisible = 0;
			defaultConfigurationName = Release;
		};
/* End XCConfigurationList section */
	};
	rootObject = DB0EF0AB1FAB39A8000494B7 /* Project object */;
}
